Microsoft Visual Studio Solution File, Format Version 12.00
# Visual Studio Version 17
VisualStudioVersion = 17.5.2.0
MinimumVisualStudioVersion = 10.0.40219.1
Project("{FAE04EC0-301F-11D3-BF4B-00C04F79EFBC}") = "NotasDisciplinarias.API", "NotasDisciplinarias.API.csproj", "{CB942920-666E-AA0C-3ECC-E97C7DE9BE4A}"
EndProject
Global
	GlobalSection(SolutionConfigurationPlatforms) = preSolution
		Debug|Any CPU = Debug|Any CPU
		Release|Any CPU = Release|Any CPU
	EndGlobalSection
	GlobalSection(ProjectConfigurationPlatforms) = postSolution
		{CB942920-666E-AA0C-3ECC-E97C7DE9BE4A}.Debug|Any CPU.ActiveCfg = Debug|Any CPU
		{CB942920-666E-AA0C-3ECC-E97C7DE9BE4A}.Debug|Any CPU.Build.0 = Debug|Any CPU
		{CB942920-666E-AA0C-3ECC-E97C7DE9BE4A}.Release|Any CPU.ActiveCfg = Release|Any CPU
		{CB942920-666E-AA0C-3ECC-E97C7DE9BE4A}.Release|Any CPU.Build.0 = Release|Any CPU
	EndGlobalSection
	GlobalSection(SolutionProperties) = preSolution
		HideSolutionNode = FALSE
	EndGlobalSection
	GlobalSection(ExtensibilityGlobals) = postSolution
		SolutionGuid = {384685B4-F465-4FB2-9ED3-0B7B6BF20A7C}
	EndGlobalSection
EndGlobal
